
Microsoft Visual Studio Solution File, Format Version 12.00
# Visual Studio Version 17
VisualStudioVersion = 17.11.35303.130
MinimumVisualStudioVersion = 10.0.40219.1
Project("{54A90642-561A-4BB1-A94E-469ADEE60C69}") = "rttclientend", "rttclientend\rttclientend.esproj", "{AD131C2C-5302-402A-871E-1AC5CEAAB1EB}"
EndProject
Global
	GlobalSection(SolutionConfigurationPlatforms) = preSolution
		Debug|Any CPU = Debug|Any CPU
		Release|Any CPU = Release|Any CPU
	EndGlobalSection
	GlobalSection(ProjectConfigurationPlatforms) = postSolution
		{AD131C2C-5302-402A-871E-1AC5CEAAB1EB}.Debug|Any CPU.ActiveCfg = Debug|Any CPU
		{AD131C2C-5302-402A-871E-1AC5CEAAB1EB}.Debug|Any CPU.Build.0 = Debug|Any CPU
		{AD131C2C-5302-402A-871E-1AC5CEAAB1EB}.Debug|Any CPU.Deploy.0 = Debug|Any CPU
		{AD131C2C-5302-402A-871E-1AC5CEAAB1EB}.Release|Any CPU.ActiveCfg = Release|Any CPU
		{AD131C2C-5302-402A-871E-1AC5CEAAB1EB}.Release|Any CPU.Build.0 = Release|Any CPU
		{AD131C2C-5302-402A-871E-1AC5CEAAB1EB}.Release|Any CPU.Deploy.0 = Release|Any CPU
	EndGlobalSection
	GlobalSection(SolutionProperties) = preSolution
		HideSolutionNode = FALSE
	EndGlobalSection
	GlobalSection(ExtensibilityGlobals) = postSolution
		SolutionGuid = {3CF4723F-97F5-43CB-BB7B-AF61803C8C12}
	EndGlobalSection
EndGlobal
